
Microsoft Visual Studio Solution File, Format Version 12.00
# Visual Studio Version 17
VisualStudioVersion = 17.13.35828.75 d17.13
MinimumVisualStudioVersion = 10.0.40219.1
Project("{FAE04EC0-301F-11D3-BF4B-00C04F79EFBC}") = "FinCheck", "FinCheck\FinCheck.csproj", "{383001A9-4289-4269-9B4F-24F1FA41BD42}"
EndProject
Global
	GlobalSection(SolutionConfigurationPlatforms) = preSolution
		Debug|Any CPU = Debug|Any CPU
		Release|Any CPU = Release|Any CPU
	EndGlobalSection
	GlobalSection(ProjectConfigurationPlatforms) = postSolution
		{383001A9-4289-4269-9B4F-24F1FA41BD42}.Debug|Any CPU.ActiveCfg = Debug|Any CPU
		{383001A9-4289-4269-9B4F-24F1FA41BD42}.Debug|Any CPU.Build.0 = Debug|Any CPU
		{383001A9-4289-4269-9B4F-24F1FA41BD42}.Release|Any CPU.ActiveCfg = Release|Any CPU
		{383001A9-4289-4269-9B4F-24F1FA41BD42}.Release|Any CPU.Build.0 = Release|Any CPU
	EndGlobalSection
	GlobalSection(SolutionProperties) = preSolution
		HideSolutionNode = FALSE
	EndGlobalSection
	GlobalSection(ExtensibilityGlobals) = postSolution
		SolutionGuid = {2188931B-7A0E-49D4-BA83-6B0FC1D29625}
	EndGlobalSection
EndGlobal
